
Microsoft Visual Studio Solution File, Format Version 12.00
# Visual Studio 15
Project("{FAE04EC0-301F-11D3-BF4B-00C04F79EFBC}") = "Assembly-CSharp", "Assembly-CSharp.csproj", "{DFC6C8EE-FA71-A63C-7D20-99959A9BD6B5}"
EndProject
Project("{FAE04EC0-301F-11D3-BF4B-00C04F79EFBC}") = "Oculus.VR", "Oculus.VR.csproj", "{7A8D1AF5-CE03-25B3-F483-2D55B5C1C07A}"
EndProject
Project("{FAE04EC0-301F-11D3-BF4B-00C04F79EFBC}") = "Assembly-CSharp-Editor", "Assembly-CSharp-Editor.csproj", "{602CB674-E3AA-DAAD-A97A-0C43BDC72CB5}"
EndProject
Project("{FAE04EC0-301F-11D3-BF4B-00C04F79EFBC}") = "Oculus.VR.Scripts.Editor", "Oculus.VR.Scripts.Editor.csproj", "{022C0129-CE2F-2B65-AA5F-B3B8D4611E6E}"
EndProject
Project("{FAE04EC0-301F-11D3-BF4B-00C04F79EFBC}") = "Oculus.VR.Editor", "Oculus.VR.Editor.csproj", "{3B035938-52F1-897D-FDE8-79731C397B0D}"
EndProject
Global
	GlobalSection(SolutionConfigurationPlatforms) = preSolution
		Debug|Any CPU = Debug|Any CPU
		Release|Any CPU = Release|Any CPU
	EndGlobalSection
	GlobalSection(ProjectConfigurationPlatforms) = postSolution
		{DFC6C8EE-FA71-A63C-7D20-99959A9BD6B5}.Debug|Any CPU.ActiveCfg = Debug|Any CPU
		{DFC6C8EE-FA71-A63C-7D20-99959A9BD6B5}.Debug|Any CPU.Build.0 = Debug|Any CPU
		{DFC6C8EE-FA71-A63C-7D20-99959A9BD6B5}.Release|Any CPU.ActiveCfg = Release|Any CPU
		{DFC6C8EE-FA71-A63C-7D20-99959A9BD6B5}.Release|Any CPU.Build.0 = Release|Any CPU
		{7A8D1AF5-CE03-25B3-F483-2D55B5C1C07A}.Debug|Any CPU.ActiveCfg = Debug|Any CPU
		{7A8D1AF5-CE03-25B3-F483-2D55B5C1C07A}.Debug|Any CPU.Build.0 = Debug|Any CPU
		{7A8D1AF5-CE03-25B3-F483-2D55B5C1C07A}.Release|Any CPU.ActiveCfg = Release|Any CPU
		{7A8D1AF5-CE03-25B3-F483-2D55B5C1C07A}.Release|Any CPU.Build.0 = Release|Any CPU
		{602CB674-E3AA-DAAD-A97A-0C43BDC72CB5}.Debug|Any CPU.ActiveCfg = Debug|Any CPU
		{602CB674-E3AA-DAAD-A97A-0C43BDC72CB5}.Debug|Any CPU.Build.0 = Debug|Any CPU
		{602CB674-E3AA-DAAD-A97A-0C43BDC72CB5}.Release|Any CPU.ActiveCfg = Release|Any CPU
		{602CB674-E3AA-DAAD-A97A-0C43BDC72CB5}.Release|Any CPU.Build.0 = Release|Any CPU
		{022C0129-CE2F-2B65-AA5F-B3B8D4611E6E}.Debug|Any CPU.ActiveCfg = Debug|Any CPU
		{022C0129-CE2F-2B65-AA5F-B3B8D4611E6E}.Debug|Any CPU.Build.0 = Debug|Any CPU
		{022C0129-CE2F-2B65-AA5F-B3B8D4611E6E}.Release|Any CPU.ActiveCfg = Release|Any CPU
		{022C0129-CE2F-2B65-AA5F-B3B8D4611E6E}.Release|Any CPU.Build.0 = Release|Any CPU
		{3B035938-52F1-897D-FDE8-79731C397B0D}.Debug|Any CPU.ActiveCfg = Debug|Any CPU
		{3B035938-52F1-897D-FDE8-79731C397B0D}.Debug|Any CPU.Build.0 = Debug|Any CPU
		{3B035938-52F1-897D-FDE8-79731C397B0D}.Release|Any CPU.ActiveCfg = Release|Any CPU
		{3B035938-52F1-897D-FDE8-79731C397B0D}.Release|Any CPU.Build.0 = Release|Any CPU
	EndGlobalSection
	GlobalSection(SolutionProperties) = preSolution
		HideSolutionNode = FALSE
	EndGlobalSection
EndGlobal
