
Microsoft Visual Studio Solution File, Format Version 12.00
# Visual Studio for Mac
Project("{FAE04EC0-301F-11D3-BF4B-00C04F79EFBC}") = "Assembly-CSharp", "Assembly-CSharp.csproj", "{DFC6C8EE-FA71-A63C-7D20-99959A9BD6B5}"
EndProject
Global
	GlobalSection(SolutionConfigurationPlatforms) = preSolution
		Debug|Any CPU = Debug|Any CPU
		Release|Any CPU = Release|Any CPU
	EndGlobalSection
	GlobalSection(ProjectConfigurationPlatforms) = postSolution
		{DFC6C8EE-FA71-A63C-7D20-99959A9BD6B5}.Debug|Any CPU.ActiveCfg = Debug|Any CPU
		{DFC6C8EE-FA71-A63C-7D20-99959A9BD6B5}.Debug|Any CPU.Build.0 = Debug|Any CPU
		{DFC6C8EE-FA71-A63C-7D20-99959A9BD6B5}.Release|Any CPU.ActiveCfg = Release|Any CPU
		{DFC6C8EE-FA71-A63C-7D20-99959A9BD6B5}.Release|Any CPU.Build.0 = Release|Any CPU
	EndGlobalSection
	GlobalSection(SolutionProperties) = preSolution
		HideSolutionNode = FALSE
	EndGlobalSection
EndGlobal
